
Microsoft Visual Studio Solution File, Format Version 12.00
# Visual Studio Version 17
VisualStudioVersion = 17.14.36127.28
MinimumVisualStudioVersion = 10.0.40219.1
Project("{FAE04EC0-301F-11D3-BF4B-00C04F79EFBC}") = "programmier_bar.dbApiControllers", "programmier_bar.dbApiControllers.csproj", "{E44C84C7-3AAA-46D0-8CDB-84B23AA2095A}"
	ProjectSection(ProjectDependencies) = postProject
		{7D26F582-C30E-41B4-AB31-03FB836F2314} = {7D26F582-C30E-41B4-AB31-03FB836F2314}
	EndProjectSection
EndProject
Project("{FAE04EC0-301F-11D3-BF4B-00C04F79EFBC}") = "programmier_bar.dbClassLibrary", "..\programmier_bar.dbClassLibrary\programmier_bar.dbClassLibrary.csproj", "{7D26F582-C30E-41B4-AB31-03FB836F2314}"
EndProject
Global
	GlobalSection(SolutionConfigurationPlatforms) = preSolution
		Debug|Any CPU = Debug|Any CPU
		Release|Any CPU = Release|Any CPU
	EndGlobalSection
	GlobalSection(ProjectConfigurationPlatforms) = postSolution
		{E44C84C7-3AAA-46D0-8CDB-84B23AA2095A}.Debug|Any CPU.ActiveCfg = Debug|Any CPU
		{E44C84C7-3AAA-46D0-8CDB-84B23AA2095A}.Debug|Any CPU.Build.0 = Debug|Any CPU
		{E44C84C7-3AAA-46D0-8CDB-84B23AA2095A}.Release|Any CPU.ActiveCfg = Release|Any CPU
		{E44C84C7-3AAA-46D0-8CDB-84B23AA2095A}.Release|Any CPU.Build.0 = Release|Any CPU
		{7D26F582-C30E-41B4-AB31-03FB836F2314}.Debug|Any CPU.ActiveCfg = Debug|Any CPU
		{7D26F582-C30E-41B4-AB31-03FB836F2314}.Debug|Any CPU.Build.0 = Debug|Any CPU
		{7D26F582-C30E-41B4-AB31-03FB836F2314}.Release|Any CPU.ActiveCfg = Release|Any CPU
		{7D26F582-C30E-41B4-AB31-03FB836F2314}.Release|Any CPU.Build.0 = Release|Any CPU
	EndGlobalSection
	GlobalSection(SolutionProperties) = preSolution
		HideSolutionNode = FALSE
	EndGlobalSection
	GlobalSection(ExtensibilityGlobals) = postSolution
		SolutionGuid = {BC4C4440-C003-4D7F-B0B0-DC60C97C6D61}
	EndGlobalSection
EndGlobal
